
Microsoft Visual Studio Solution File, Format Version 12.00
# Visual Studio Version 17
VisualStudioVersion = 17.7.34221.43
MinimumVisualStudioVersion = 10.0.40219.1
Project("{FAE04EC0-301F-11D3-BF4B-00C04F79EFBC}") = "ASPApp", "ASPApp\ASPApp.csproj", "{CCA62E55-8124-4384-87A4-8B7AD0D3E5AE}"
EndProject
Global
	GlobalSection(SolutionConfigurationPlatforms) = preSolution
		Debug|Any CPU = Debug|Any CPU
		Release|Any CPU = Release|Any CPU
	EndGlobalSection
	GlobalSection(ProjectConfigurationPlatforms) = postSolution
		{CCA62E55-8124-4384-87A4-8B7AD0D3E5AE}.Debug|Any CPU.ActiveCfg = Debug|Any CPU
		{CCA62E55-8124-4384-87A4-8B7AD0D3E5AE}.Debug|Any CPU.Build.0 = Debug|Any CPU
		{CCA62E55-8124-4384-87A4-8B7AD0D3E5AE}.Release|Any CPU.ActiveCfg = Release|Any CPU
		{CCA62E55-8124-4384-87A4-8B7AD0D3E5AE}.Release|Any CPU.Build.0 = Release|Any CPU
	EndGlobalSection
	GlobalSection(SolutionProperties) = preSolution
		HideSolutionNode = FALSE
	EndGlobalSection
	GlobalSection(ExtensibilityGlobals) = postSolution
		SolutionGuid = {69AC454D-D428-41B3-BB05-ECC96B8D9B03}
	EndGlobalSection
EndGlobal
